{
  "nodes": {
    "nixpkgs": {
      "locked": {
        "lastModified": 1791426274,
        "narHash": "sha256-MWhktfFtFE8Jl7bf9Pkp7TR5MSdYCjCswSo0Gkb4ywc=",
        "owner": "NixOS",
        "repo": "nixpkgs",
        "rev": "7c8764b7c7b09b34f632464276218ef9090eaa11",
        "type": "github"
      },
      "original": {
        "owner": "NixOS",
        "ref": "nixos-26.05",
        "repo": "nixpkgs",
        "type": "github"
      }
    },
    "nixpkgs-lock": {
      "inputs": {
        "nixpkgs": "nixpkgs"
      },
      "locked": {
        "lastModified": 1791503155,
        "narHash": "sha256-jYnac+z/8CgYclEceoDsKBar5rOXxuIXSq4X8hOaB3U=",
        "owner": "pr0d1r2",
        "repo": "nixpkgs-lock",
        "rev": "9285cde52c7e8baff0b60685ae755b911db9ebaa",
        "type": "github"
      },
      "original": {
        "owner": "pr0d1r2",
        "repo": "nixpkgs-lock",
        "type": "github"
      }
    },
    "root": {
      "inputs": {
        "nixpkgs": [
          "nixpkgs-lock",
          "nixpkgs"
        ],
        "nixpkgs-lock": "nixpkgs-lock",
        "rtk-src": "rtk-src"
      }
    },
    "rtk-src": {
      "flake": false,
      "locked": {
        "lastModified": 1790947987,
        "narHash": "sha256-KMDj+M23ZI2Oyglfyt6V9s1P6MMs6LOFBo3oYFMh8sU=",
        "owner": "rtk-ai",
        "repo": "rtk",
        "rev": "e001f773f80b22b7dc4c7a79521b30e35aaef026",
        "type": "github"
      },
      "original": {
        "owner": "rtk-ai",
        "ref": "v0.51.0",
        "repo": "rtk",
        "type": "github"
      }
    }
  },
  "root": "root",
  "version": 7
}
