{
  "nodes": {
    "nixpkgs": {
      "locked": {
        "lastModified": 1791353474,
        "narHash": "sha256-v72qr4LsSz61tQki/41nHKZKPY6NSeZavtGlAInOCng=",
        "owner": "NixOS",
        "repo": "nixpkgs",
        "rev": "2efa67fd26b6df417c33e4603185c701f260dd83",
        "type": "github"
      },
      "original": {
        "owner": "NixOS",
        "ref": "nixos-26.05",
        "repo": "nixpkgs",
        "type": "github"
      }
    },
    "nixpkgs-lock": {
      "inputs": {
        "nixpkgs": "nixpkgs"
      },
      "locked": {
        "lastModified": 1791412740,
        "narHash": "sha256-S3QSyP7uVAjm60L4jJIk8iV2VxOkprLfcm4GFgkD2a4=",
        "owner": "pr0d1r2",
        "repo": "nixpkgs-lock",
        "rev": "57c28adf21be97c4eb31b65279a6bfa1c8e34da6",
        "type": "github"
      },
      "original": {
        "owner": "pr0d1r2",
        "repo": "nixpkgs-lock",
        "type": "github"
      }
    },
    "root": {
      "inputs": {
        "nixpkgs": [
          "nixpkgs-lock",
          "nixpkgs"
        ],
        "nixpkgs-lock": "nixpkgs-lock",
        "rtk-src": "rtk-src"
      }
    },
    "rtk-src": {
      "flake": false,
      "locked": {
        "lastModified": 1790947987,
        "narHash": "sha256-KMDj+M23ZI2Oyglfyt6V9s1P6MMs6LOFBo3oYFMh8sU=",
        "owner": "rtk-ai",
        "repo": "rtk",
        "rev": "e001f773f80b22b7dc4c7a79521b30e35aaef026",
        "type": "github"
      },
      "original": {
        "owner": "rtk-ai",
        "ref": "v0.51.0",
        "repo": "rtk",
        "type": "github"
      }
    }
  },
  "root": "root",
  "version": 7
}
